
Microsoft Visual Studio Solution File, Format Version 12.00
# Visual Studio Version 17
VisualStudioVersion = 17.13.35825.156 d17.13
MinimumVisualStudioVersion = 10.0.40219.1
Project("{FAE04EC0-301F-11D3-BF4B-00C04F79EFBC}") = "ARSTAGE", "ARSTAGE\ARSTAGE.csproj", "{16D0862F-3528-4979-ACC4-297B34836E7B}"
EndProject
Global
	GlobalSection(SolutionConfigurationPlatforms) = preSolution
		Debug|Any CPU = Debug|Any CPU
		Release|Any CPU = Release|Any CPU
	EndGlobalSection
	GlobalSection(ProjectConfigurationPlatforms) = postSolution
		{16D0862F-3528-4979-ACC4-297B34836E7B}.Debug|Any CPU.ActiveCfg = Debug|Any CPU
		{16D0862F-3528-4979-ACC4-297B34836E7B}.Debug|Any CPU.Build.0 = Debug|Any CPU
		{16D0862F-3528-4979-ACC4-297B34836E7B}.Release|Any CPU.ActiveCfg = Release|Any CPU
		{16D0862F-3528-4979-ACC4-297B34836E7B}.Release|Any CPU.Build.0 = Release|Any CPU
	EndGlobalSection
	GlobalSection(SolutionProperties) = preSolution
		HideSolutionNode = FALSE
	EndGlobalSection
	GlobalSection(ExtensibilityGlobals) = postSolution
		SolutionGuid = {C3F341EF-DC6F-42B3-86B8-ABAA2F932D8E}
	EndGlobalSection
EndGlobal
